{
	"name": "reags",
	"lockfileVersion": 3,
	"requires": true,
	"packages": {
		"": {
			"name": "reags",
			"devDependencies": {},
			"peerDependencies": {
				"typescript": "^5.0.0"
			}
		},
		"node_modules/typescript": {
			"version": "5.4.5",
			"license": "Apache-2.0",
			"peer": true,
			"bin": {
				"tsc": "bin/tsc",
				"tsserver": "bin/tsserver"
			},
			"engines": {
				"node": ">=14.17"
			}
		}
	}
}
